// !$*UTF8*$!
{
	archiveVersion = 1;
	classes = {
	};
	objectVersion = 56;
	objects = {

/* Begin PBXBuildFile section */
		701DF1AC29B7DA36002CC84A /* GIFImage in Frameworks */ = {isa = PBXBuildFile; productRef = 701DF1AB29B7DA36002CC84A /* GIFImage */; };
		703D896329B690B600D9AAAB /* ColorfulBackgroundsApp.swift in Sources */ = {isa = PBXBuildFile; fileRef = 703D896229B690B600D9AAAB /* ColorfulBackgroundsApp.swift */; };
		703D896529B690B600D9AAAB /* ContentView.swift in Sources */ = {isa = PBXBuildFile; fileRef = 703D896429B690B600D9AAAB /* ContentView.swift */; };
		703D896729B690B800D9AAAB /* Assets.xcassets in Resources */ = {isa = PBXBuildFile; fileRef = 703D896629B690B800D9AAAB /* Assets.xcassets */; };
		703D896A29B690B800D9AAAB /* Preview Assets.xcassets in Resources */ = {isa = PBXBuildFile; fileRef = 703D896929B690B800D9AAAB /* Preview Assets.xcassets */; };
		70D8ECAE29B9132F00595A37 /* GraphicUtilities.swift in Sources */ = {isa = PBXBuildFile; fileRef = 70D8ECAD29B9132F00595A37 /* GraphicUtilities.swift */; };
		70DAE1B829B7A67A00040E67 /* Alamofire in Frameworks */ = {isa = PBXBuildFile; productRef = 70DAE1B729B7A67A00040E67 /* Alamofire */; };
		70DAE1BB29B7A68300040E67 /* SwiftyJSON in Frameworks */ = {isa = PBXBuildFile; productRef = 70DAE1BA29B7A68300040E67 /* SwiftyJSON */; };
/* End PBXBuildFile section */

/* Begin PBXFileReference section */
		703D895F29B690B600D9AAAB /* Colorful Backgrounds.app */ = {isa = PBXFileReference; explicitFileType = wrapper.application; includeInIndex = 0; path = "Colorful Backgrounds.app"; sourceTree = BUILT_PRODUCTS_DIR; };
		703D896229B690B600D9AAAB /* ColorfulBackgroundsApp.swift */ = {isa = PBXFileReference; lastKnownFileType = sourcecode.swift; path = ColorfulBackgroundsApp.swift; sourceTree = "<group>"; };
		703D896429B690B600D9AAAB /* ContentView.swift */ = {isa = PBXFileReference; lastKnownFileType = sourcecode.swift; path = ContentView.swift; sourceTree = "<group>"; };
		703D896629B690B800D9AAAB /* Assets.xcassets */ = {isa = PBXFileReference; lastKnownFileType = folder.assetcatalog; path = Assets.xcassets; sourceTree = "<group>"; };
		703D896929B690B800D9AAAB /* Preview Assets.xcassets */ = {isa = PBXFileReference; lastKnownFileType = folder.assetcatalog; path = "Preview Assets.xcassets"; sourceTree = "<group>"; };
		703D896B29B690B800D9AAAB /* ColorfulBackgrounds.entitlements */ = {isa = PBXFileReference; lastKnownFileType = text.plist.entitlements; path = ColorfulBackgrounds.entitlements; sourceTree = "<group>"; };
		703D897A29B6999400D9AAAB /* Info.plist */ = {isa = PBXFileReference; lastKnownFileType = text.plist; path = Info.plist; sourceTree = "<group>"; };
		70D8ECAD29B9132F00595A37 /* GraphicUtilities.swift */ = {isa = PBXFileReference; lastKnownFileType = sourcecode.swift; path = GraphicUtilities.swift; sourceTree = "<group>"; };
/* End PBXFileReference section */

/* Begin PBXFrameworksBuildPhase section */
		703D895C29B690B600D9AAAB /* Frameworks */ = {
			isa = PBXFrameworksBuildPhase;
			buildActionMask = 2147483647;
			files = (
				701DF1AC29B7DA36002CC84A /* GIFImage in Frameworks */,
				70DAE1BB29B7A68300040E67 /* SwiftyJSON in Frameworks */,
				70DAE1B829B7A67A00040E67 /* Alamofire in Frameworks */,
			);
			runOnlyForDeploymentPostprocessing = 0;
		};
/* End PBXFrameworksBuildPhase section */

/* Begin PBXGroup section */
		703D895629B690B600D9AAAB = {
			isa = PBXGroup;
			children = (
				703D896129B690B600D9AAAB /* Colorful Backgrounds */,
				703D896029B690B600D9AAAB /* Products */,
			);
			sourceTree = "<group>";
		};
		703D896029B690B600D9AAAB /* Products */ = {
			isa = PBXGroup;
			children = (
				703D895F29B690B600D9AAAB /* Colorful Backgrounds.app */,
			);
			name = Products;
			sourceTree = "<group>";
		};
		703D896129B690B600D9AAAB /* Colorful Backgrounds */ = {
			isa = PBXGroup;
			children = (
				70F186CA29BA5C7F001CDFF8 /* Utils */,
				70F186C929BA5C77001CDFF8 /* ViewModels */,
				70F186C829BA5C72001CDFF8 /* Views */,
				703D897A29B6999400D9AAAB /* Info.plist */,
				703D896229B690B600D9AAAB /* ColorfulBackgroundsApp.swift */,
				703D896429B690B600D9AAAB /* ContentView.swift */,
				70D8ECAD29B9132F00595A37 /* GraphicUtilities.swift */,
				703D896629B690B800D9AAAB /* Assets.xcassets */,
				703D896B29B690B800D9AAAB /* ColorfulBackgrounds.entitlements */,
				703D896829B690B800D9AAAB /* Preview Content */,
			);
			path = "Colorful Backgrounds";
			sourceTree = "<group>";
		};
		703D896829B690B800D9AAAB /* Preview Content */ = {
			isa = PBXGroup;
			children = (
				703D896929B690B800D9AAAB /* Preview Assets.xcassets */,
			);
			path = "Preview Content";
			sourceTree = "<group>";
		};
		70F186C829BA5C72001CDFF8 /* Views */ = {
			isa = PBXGroup;
			children = (
			);
			path = Views;
			sourceTree = "<group>";
		};
		70F186C929BA5C77001CDFF8 /* ViewModels */ = {
			isa = PBXGroup;
			children = (
			);
			path = ViewModels;
			sourceTree = "<group>";
		};
		70F186CA29BA5C7F001CDFF8 /* Utils */ = {
			isa = PBXGroup;
			children = (
			);
			path = Utils;
			sourceTree = "<group>";
		};
/* End PBXGroup section */

/* Begin PBXNativeTarget section */
		703D895E29B690B600D9AAAB /* Colorful Backgrounds */ = {
			isa = PBXNativeTarget;
			buildConfigurationList = 703D896E29B690B800D9AAAB /* Build configuration list for PBXNativeTarget "Colorful Backgrounds" */;
			buildPhases = (
				703D895B29B690B600D9AAAB /* Sources */,
				703D895C29B690B600D9AAAB /* Frameworks */,
				703D895D29B690B600D9AAAB /* Resources */,
			);
			buildRules = (
			);
			dependencies = (
			);
			name = "Colorful Backgrounds";
			packageProductDependencies = (
				70DAE1B729B7A67A00040E67 /* Alamofire */,
				70DAE1BA29B7A68300040E67 /* SwiftyJSON */,
				701DF1AB29B7DA36002CC84A /* GIFImage */,
			);
			productName = ColorImageGenerator;
			productReference = 703D895F29B690B600D9AAAB /* Colorful Backgrounds.app */;
			productType = "com.apple.product-type.application";
		};
/* End PBXNativeTarget section */

/* Begin PBXProject section */
		703D895729B690B600D9AAAB /* Project object */ = {
			isa = PBXProject;
			attributes = {
				BuildIndependentTargetsInParallel = 1;
				LastSwiftUpdateCheck = 1410;
				LastUpgradeCheck = 1410;
				TargetAttributes = {
					703D895E29B690B600D9AAAB = {
						CreatedOnToolsVersion = 14.1;
					};
				};
			};
			buildConfigurationList = 703D895A29B690B600D9AAAB /* Build configuration list for PBXProject "Colorful Backgrounds" */;
			compatibilityVersion = "Xcode 14.0";
			developmentRegion = en;
			hasScannedForEncodings = 0;
			knownRegions = (
				en,
				Base,
			);
			mainGroup = 703D895629B690B600D9AAAB;
			packageReferences = (
				70DAE1B629B7A67A00040E67 /* XCRemoteSwiftPackageReference "Alamofire" */,
				70DAE1B929B7A68300040E67 /* XCRemoteSwiftPackageReference "SwiftyJSON" */,
				701DF1AA29B7DA36002CC84A /* XCRemoteSwiftPackageReference "GIFImage" */,
			);
			productRefGroup = 703D896029B690B600D9AAAB /* Products */;
			projectDirPath = "";
			projectRoot = "";
			targets = (
				703D895E29B690B600D9AAAB /* Colorful Backgrounds */,
			);
		};
/* End PBXProject section */

/* Begin PBXResourcesBuildPhase section */
		703D895D29B690B600D9AAAB /* Resources */ = {
			isa = PBXResourcesBuildPhase;
			buildActionMask = 2147483647;
			files = (
				703D896A29B690B800D9AAAB /* Preview Assets.xcassets in Resources */,
				703D896729B690B800D9AAAB /* Assets.xcassets in Resources */,
			);
			runOnlyForDeploymentPostprocessing = 0;
		};
/* End PBXResourcesBuildPhase section */

/* Begin PBXSourcesBuildPhase section */
		703D895B29B690B600D9AAAB /* Sources */ = {
			isa = PBXSourcesBuildPhase;
			buildActionMask = 2147483647;
			files = (
				70D8ECAE29B9132F00595A37 /* GraphicUtilities.swift in Sources */,
				703D896529B690B600D9AAAB /* ContentView.swift in Sources */,
				703D896329B690B600D9AAAB /* ColorfulBackgroundsApp.swift in Sources */,
			);
			runOnlyForDeploymentPostprocessing = 0;
		};
/* End PBXSourcesBuildPhase section */

/* Begin XCBuildConfiguration section */
		703D896C29B690B800D9AAAB /* Debug */ = {
			isa = XCBuildConfiguration;
			buildSettings = {
				ALWAYS_SEARCH_USER_PATHS = NO;
				CLANG_ANALYZER_NONNULL = YES;
				CLANG_ANALYZER_NUMBER_OBJECT_CONVERSION = YES_AGGRESSIVE;
				CLANG_CXX_LANGUAGE_STANDARD = "gnu++20";
				CLANG_ENABLE_MODULES = YES;
				CLANG_ENABLE_OBJC_ARC = YES;
				CLANG_ENABLE_OBJC_WEAK = YES;
				CLANG_WARN_BLOCK_CAPTURE_AUTORELEASING = YES;
				CLANG_WARN_BOOL_CONVERSION = YES;
				CLANG_WARN_COMMA = YES;
				CLANG_WARN_CONSTANT_CONVERSION = YES;
				CLANG_WARN_DEPRECATED_OBJC_IMPLEMENTATIONS = YES;
				CLANG_WARN_DIRECT_OBJC_ISA_USAGE = YES_ERROR;
				CLANG_WARN_DOCUMENTATION_COMMENTS = YES;
				CLANG_WARN_EMPTY_BODY = YES;
				CLANG_WARN_ENUM_CONVERSION = YES;
				CLANG_WARN_INFINITE_RECURSION = YES;
				CLANG_WARN_INT_CONVERSION = YES;
				CLANG_WARN_NON_LITERAL_NULL_CONVERSION = YES;
				CLANG_WARN_OBJC_IMPLICIT_RETAIN_SELF = YES;
				CLANG_WARN_OBJC_LITERAL_CONVERSION = YES;
				CLANG_WARN_OBJC_ROOT_CLASS = YES_ERROR;
				CLANG_WARN_QUOTED_INCLUDE_IN_FRAMEWORK_HEADER = YES;
				CLANG_WARN_RANGE_LOOP_ANALYSIS = YES;
				CLANG_WARN_STRICT_PROTOTYPES = YES;
				CLANG_WARN_SUSPICIOUS_MOVE = YES;
				CLANG_WARN_UNGUARDED_AVAILABILITY = YES_AGGRESSIVE;
				CLANG_WARN_UNREACHABLE_CODE = YES;
				CLANG_WARN__DUPLICATE_METHOD_MATCH = YES;
				COPY_PHASE_STRIP = NO;
				DEBUG_INFORMATION_FORMAT = dwarf;
				ENABLE_STRICT_OBJC_MSGSEND = YES;
				ENABLE_TESTABILITY = YES;
				GCC_C_LANGUAGE_STANDARD = gnu11;
				GCC_DYNAMIC_NO_PIC = NO;
				GCC_NO_COMMON_BLOCKS = YES;
				GCC_OPTIMIZATION_LEVEL = 0;
				GCC_PREPROCESSOR_DEFINITIONS = (
					"DEBUG=1",
					"$(inherited)",
				);
				GCC_WARN_64_TO_32_BIT_CONVERSION = YES;
				GCC_WARN_ABOUT_RETURN_TYPE = YES_ERROR;
				GCC_WARN_UNDECLARED_SELECTOR = YES;
				GCC_WARN_UNINITIALIZED_AUTOS = YES_AGGRESSIVE;
				GCC_WARN_UNUSED_FUNCTION = YES;
				GCC_WARN_UNUSED_VARIABLE = YES;
				MACOSX_DEPLOYMENT_TARGET = 13.0;
				MTL_ENABLE_DEBUG_INFO = INCLUDE_SOURCE;
				MTL_FAST_MATH = YES;
				ONLY_ACTIVE_ARCH = YES;
				SDKROOT = macosx;
				SWIFT_ACTIVE_COMPILATION_CONDITIONS = DEBUG;
				SWIFT_OPTIMIZATION_LEVEL = "-Onone";
			};
			name = Debug;
		};
		703D896D29B690B800D9AAAB /* Release */ = {
			isa = XCBuildConfiguration;
			buildSettings = {
				ALWAYS_SEARCH_USER_PATHS = NO;
				CLANG_ANALYZER_NONNULL = YES;
				CLANG_ANALYZER_NUMBER_OBJECT_CONVERSION = YES_AGGRESSIVE;
				CLANG_CXX_LANGUAGE_STANDARD = "gnu++20";
				CLANG_ENABLE_MODULES = YES;
				CLANG_ENABLE_OBJC_ARC = YES;
				CLANG_ENABLE_OBJC_WEAK = YES;
				CLANG_WARN_BLOCK_CAPTURE_AUTORELEASING = YES;
				CLANG_WARN_BOOL_CONVERSION = YES;
				CLANG_WARN_COMMA = YES;
				CLANG_WARN_CONSTANT_CONVERSION = YES;
				CLANG_WARN_DEPRECATED_OBJC_IMPLEMENTATIONS = YES;
				CLANG_WARN_DIRECT_OBJC_ISA_USAGE = YES_ERROR;
				CLANG_WARN_DOCUMENTATION_COMMENTS = YES;
				CLANG_WARN_EMPTY_BODY = YES;
				CLANG_WARN_ENUM_CONVERSION = YES;
				CLANG_WARN_INFINITE_RECURSION = YES;
				CLANG_WARN_INT_CONVERSION = YES;
				CLANG_WARN_NON_LITERAL_NULL_CONVERSION = YES;
				CLANG_WARN_OBJC_IMPLICIT_RETAIN_SELF = YES;
				CLANG_WARN_OBJC_LITERAL_CONVERSION = YES;
				CLANG_WARN_OBJC_ROOT_CLASS = YES_ERROR;
				CLANG_WARN_QUOTED_INCLUDE_IN_FRAMEWORK_HEADER = YES;
				CLANG_WARN_RANGE_LOOP_ANALYSIS = YES;
				CLANG_WARN_STRICT_PROTOTYPES = YES;
				CLANG_WARN_SUSPICIOUS_MOVE = YES;
				CLANG_WARN_UNGUARDED_AVAILABILITY = YES_AGGRESSIVE;
				CLANG_WARN_UNREACHABLE_CODE = YES;
				CLANG_WARN__DUPLICATE_METHOD_MATCH = YES;
				COPY_PHASE_STRIP = NO;
				DEBUG_INFORMATION_FORMAT = "dwarf-with-dsym";
				ENABLE_NS_ASSERTIONS = NO;
				ENABLE_STRICT_OBJC_MSGSEND = YES;
				GCC_C_LANGUAGE_STANDARD = gnu11;
				GCC_NO_COMMON_BLOCKS = YES;
				GCC_WARN_64_TO_32_BIT_CONVERSION = YES;
				GCC_WARN_ABOUT_RETURN_TYPE = YES_ERROR;
				GCC_WARN_UNDECLARED_SELECTOR = YES;
				GCC_WARN_UNINITIALIZED_AUTOS = YES_AGGRESSIVE;
				GCC_WARN_UNUSED_FUNCTION = YES;
				GCC_WARN_UNUSED_VARIABLE = YES;
				MACOSX_DEPLOYMENT_TARGET = 13.0;
				MTL_ENABLE_DEBUG_INFO = NO;
				MTL_FAST_MATH = YES;
				SDKROOT = macosx;
				SWIFT_COMPILATION_MODE = wholemodule;
				SWIFT_OPTIMIZATION_LEVEL = "-O";
			};
			name = Release;
		};
		703D896F29B690B800D9AAAB /* Debug */ = {
			isa = XCBuildConfiguration;
			buildSettings = {
				ASSETCATALOG_COMPILER_APPICON_NAME = AppIcon;
				ASSETCATALOG_COMPILER_GLOBAL_ACCENT_COLOR_NAME = AccentColor;
				ASSETCATALOG_COMPILER_INCLUDE_ALL_APPICON_ASSETS = NO;
				CODE_SIGN_ENTITLEMENTS = "Colorful Backgrounds/ColorfulBackgrounds.entitlements";
				CODE_SIGN_STYLE = Automatic;
				COMBINE_HIDPI_IMAGES = YES;
				CURRENT_PROJECT_VERSION = 1;
				DEVELOPMENT_ASSET_PATHS = "\"Colorful Backgrounds/Preview Content\"";
				DEVELOPMENT_TEAM = V2737Q4C7F;
				ENABLE_HARDENED_RUNTIME = YES;
				ENABLE_PREVIEWS = YES;
				GENERATE_INFOPLIST_FILE = YES;
				INFOPLIST_FILE = "Colorful Backgrounds/Info.plist";
				INFOPLIST_KEY_CFBundleDisplayName = "Colorful Backgrounds";
				INFOPLIST_KEY_LSApplicationCategoryType = "public.app-category.graphics-design";
				INFOPLIST_KEY_NSHumanReadableCopyright = "";
				LD_RUNPATH_SEARCH_PATHS = (
					"$(inherited)",
					"@executable_path/../Frameworks",
				);
				MARKETING_VERSION = 1.0;
				PRODUCT_BUNDLE_IDENTIFIER = fr.adesky.ColorfulBackgrounds;
				PRODUCT_NAME = "$(TARGET_NAME)";
				SWIFT_EMIT_LOC_STRINGS = YES;
				SWIFT_VERSION = 5.0;
			};
			name = Debug;
		};
		703D897029B690B800D9AAAB /* Release */ = {
			isa = XCBuildConfiguration;
			buildSettings = {
				ASSETCATALOG_COMPILER_APPICON_NAME = AppIcon;
				ASSETCATALOG_COMPILER_GLOBAL_ACCENT_COLOR_NAME = AccentColor;
				ASSETCATALOG_COMPILER_INCLUDE_ALL_APPICON_ASSETS = NO;
				CODE_SIGN_ENTITLEMENTS = "Colorful Backgrounds/ColorfulBackgrounds.entitlements";
				CODE_SIGN_STYLE = Automatic;
				COMBINE_HIDPI_IMAGES = YES;
				CURRENT_PROJECT_VERSION = 1;
				DEVELOPMENT_ASSET_PATHS = "\"Colorful Backgrounds/Preview Content\"";
				DEVELOPMENT_TEAM = V2737Q4C7F;
				ENABLE_HARDENED_RUNTIME = YES;
				ENABLE_PREVIEWS = YES;
				GENERATE_INFOPLIST_FILE = YES;
				INFOPLIST_FILE = "Colorful Backgrounds/Info.plist";
				INFOPLIST_KEY_CFBundleDisplayName = "Colorful Backgrounds";
				INFOPLIST_KEY_LSApplicationCategoryType = "public.app-category.graphics-design";
				INFOPLIST_KEY_NSHumanReadableCopyright = "";
				LD_RUNPATH_SEARCH_PATHS = (
					"$(inherited)",
					"@executable_path/../Frameworks",
				);
				MARKETING_VERSION = 1.0;
				PRODUCT_BUNDLE_IDENTIFIER = fr.adesky.ColorfulBackgrounds;
				PRODUCT_NAME = "$(TARGET_NAME)";
				SWIFT_EMIT_LOC_STRINGS = YES;
				SWIFT_VERSION = 5.0;
			};
			name = Release;
		};
/* End XCBuildConfiguration section */

/* Begin XCConfigurationList section */
		703D895A29B690B600D9AAAB /* Build configuration list for PBXProject "Colorful Backgrounds" */ = {
			isa = XCConfigurationList;
			buildConfigurations = (
				703D896C29B690B800D9AAAB /* Debug */,
				703D896D29B690B800D9AAAB /* Release */,
			);
			defaultConfigurationIsVisible = 0;
			defaultConfigurationName = Release;
		};
		703D896E29B690B800D9AAAB /* Build configuration list for PBXNativeTarget "Colorful Backgrounds" */ = {
			isa = XCConfigurationList;
			buildConfigurations = (
				703D896F29B690B800D9AAAB /* Debug */,
				703D897029B690B800D9AAAB /* Release */,
			);
			defaultConfigurationIsVisible = 0;
			defaultConfigurationName = Release;
		};
/* End XCConfigurationList section */

/* Begin XCRemoteSwiftPackageReference section */
		701DF1AA29B7DA36002CC84A /* XCRemoteSwiftPackageReference "GIFImage" */ = {
			isa = XCRemoteSwiftPackageReference;
			repositoryURL = "https://github.com/igorcferreira/GIFImage";
			requirement = {
				kind = upToNextMajorVersion;
				minimumVersion = 1.0.0;
			};
		};
		70DAE1B629B7A67A00040E67 /* XCRemoteSwiftPackageReference "Alamofire" */ = {
			isa = XCRemoteSwiftPackageReference;
			repositoryURL = "https://github.com/Alamofire/Alamofire";
			requirement = {
				branch = master;
				kind = branch;
			};
		};
		70DAE1B929B7A68300040E67 /* XCRemoteSwiftPackageReference "SwiftyJSON" */ = {
			isa = XCRemoteSwiftPackageReference;
			repositoryURL = "https://github.com/SwiftyJSON/SwiftyJSON";
			requirement = {
				branch = master;
				kind = branch;
			};
		};
/* End XCRemoteSwiftPackageReference section */

/* Begin XCSwiftPackageProductDependency section */
		701DF1AB29B7DA36002CC84A /* GIFImage */ = {
			isa = XCSwiftPackageProductDependency;
			package = 701DF1AA29B7DA36002CC84A /* XCRemoteSwiftPackageReference "GIFImage" */;
			productName = GIFImage;
		};
		70DAE1B729B7A67A00040E67 /* Alamofire */ = {
			isa = XCSwiftPackageProductDependency;
			package = 70DAE1B629B7A67A00040E67 /* XCRemoteSwiftPackageReference "Alamofire" */;
			productName = Alamofire;
		};
		70DAE1BA29B7A68300040E67 /* SwiftyJSON */ = {
			isa = XCSwiftPackageProductDependency;
			package = 70DAE1B929B7A68300040E67 /* XCRemoteSwiftPackageReference "SwiftyJSON" */;
			productName = SwiftyJSON;
		};
/* End XCSwiftPackageProductDependency section */
	};
	rootObject = 703D895729B690B600D9AAAB /* Project object */;
}
